// !$*UTF8*$!
{
	archiveVersion = 1;
	classes = {
	};
	objectVersion = 46;
	objects = {

/* Begin PBXBuildFile section */
		4E838C1D1ED3FDEC00910243 /* AppDelegate.swift in Sources */ = {isa = PBXBuildFile; fileRef = 4E838C1C1ED3FDEC00910243 /* AppDelegate.swift */; };
		4E838C1F1ED3FDEC00910243 /* SignInVC.swift in Sources */ = {isa = PBXBuildFile; fileRef = 4E838C1E1ED3FDEC00910243 /* SignInVC.swift */; };
		4E838C221ED3FDED00910243 /* Main.storyboard in Resources */ = {isa = PBXBuildFile; fileRef = 4E838C201ED3FDED00910243 /* Main.storyboard */; };
		4E838C241ED3FDED00910243 /* Assets.xcassets in Resources */ = {isa = PBXBuildFile; fileRef = 4E838C231ED3FDED00910243 /* Assets.xcassets */; };
		4E838C271ED3FDED00910243 /* LaunchScreen.storyboard in Resources */ = {isa = PBXBuildFile; fileRef = 4E838C251ED3FDED00910243 /* LaunchScreen.storyboard */; };
		4E838C2F1ED3FED000910243 /* GoogleService-Info.plist in Resources */ = {isa = PBXBuildFile; fileRef = 4E838C2E1ED3FECF00910243 /* GoogleService-Info.plist */; };
		5722E24ACF0CFF01CF6DC621 /* Pods_Social.framework in Frameworks */ = {isa = PBXBuildFile; fileRef = AD6CF250AF77C88431FC74A8 /* Pods_Social.framework */; };
/* End PBXBuildFile section */

/* Begin PBXFileReference section */
		2B2332C4DF592814009BE433 /* Pods-Social.release.xcconfig */ = {isa = PBXFileReference; includeInIndex = 1; lastKnownFileType = text.xcconfig; name = "Pods-Social.release.xcconfig"; path = "Pods/Target Support Files/Pods-Social/Pods-Social.release.xcconfig"; sourceTree = "<group>"; };
		4E838C191ED3FDEC00910243 /* Social.app */ = {isa = PBXFileReference; explicitFileType = wrapper.application; includeInIndex = 0; path = Social.app; sourceTree = BUILT_PRODUCTS_DIR; };
		4E838C1C1ED3FDEC00910243 /* AppDelegate.swift */ = {isa = PBXFileReference; lastKnownFileType = sourcecode.swift; path = AppDelegate.swift; sourceTree = "<group>"; };
		4E838C1E1ED3FDEC00910243 /* SignInVC.swift */ = {isa = PBXFileReference; lastKnownFileType = sourcecode.swift; path = SignInVC.swift; sourceTree = "<group>"; };
		4E838C211ED3FDED00910243 /* Base */ = {isa = PBXFileReference; lastKnownFileType = file.storyboard; name = Base; path = Base.lproj/Main.storyboard; sourceTree = "<group>"; };
		4E838C231ED3FDED00910243 /* Assets.xcassets */ = {isa = PBXFileReference; lastKnownFileType = folder.assetcatalog; path = Assets.xcassets; sourceTree = "<group>"; };
		4E838C261ED3FDED00910243 /* Base */ = {isa = PBXFileReference; lastKnownFileType = file.storyboard; name = Base; path = Base.lproj/LaunchScreen.storyboard; sourceTree = "<group>"; };
		4E838C281ED3FDED00910243 /* Info.plist */ = {isa = PBXFileReference; lastKnownFileType = text.plist.xml; path = Info.plist; sourceTree = "<group>"; };
		4E838C2E1ED3FECF00910243 /* GoogleService-Info.plist */ = {isa = PBXFileReference; fileEncoding = 4; lastKnownFileType = text.plist.xml; path = "GoogleService-Info.plist"; sourceTree = "<group>"; };
		5A031040B6975B06B94BC8A3 /* Pods-Social.debug.xcconfig */ = {isa = PBXFileReference; includeInIndex = 1; lastKnownFileType = text.xcconfig; name = "Pods-Social.debug.xcconfig"; path = "Pods/Target Support Files/Pods-Social/Pods-Social.debug.xcconfig"; sourceTree = "<group>"; };
		AD6CF250AF77C88431FC74A8 /* Pods_Social.framework */ = {isa = PBXFileReference; explicitFileType = wrapper.framework; includeInIndex = 0; path = Pods_Social.framework; sourceTree = BUILT_PRODUCTS_DIR; };
/* End PBXFileReference section */

/* Begin PBXFrameworksBuildPhase section */
		4E838C161ED3FDEC00910243 /* Frameworks */ = {
			isa = PBXFrameworksBuildPhase;
			buildActionMask = 2147483647;
			files = (
				5722E24ACF0CFF01CF6DC621 /* Pods_Social.framework in Frameworks */,
			);
			runOnlyForDeploymentPostprocessing = 0;
		};
/* End PBXFrameworksBuildPhase section */

/* Begin PBXGroup section */
		4E74D6E51ED40197008F93C1 /* Model */ = {
			isa = PBXGroup;
			children = (
			);
			name = Model;
			sourceTree = "<group>";
		};
		4E74D6E61ED4019D008F93C1 /* View */ = {
			isa = PBXGroup;
			children = (
			);
			name = View;
			sourceTree = "<group>";
		};
		4E74D6E71ED401A2008F93C1 /* Controller */ = {
			isa = PBXGroup;
			children = (
				4E838C1E1ED3FDEC00910243 /* SignInVC.swift */,
			);
			name = Controller;
			sourceTree = "<group>";
		};
		4E838C101ED3FDEB00910243 = {
			isa = PBXGroup;
			children = (
				4E838C1B1ED3FDEC00910243 /* Social */,
				4E838C1A1ED3FDEC00910243 /* Products */,
				6EFB806027BC3B86C8106BC3 /* Pods */,
				B96BB83D6A669B3AC64655A6 /* Frameworks */,
			);
			sourceTree = "<group>";
		};
		4E838C1A1ED3FDEC00910243 /* Products */ = {
			isa = PBXGroup;
			children = (
				4E838C191ED3FDEC00910243 /* Social.app */,
			);
			name = Products;
			sourceTree = "<group>";
		};
		4E838C1B1ED3FDEC00910243 /* Social */ = {
			isa = PBXGroup;
			children = (
				4E74D6E71ED401A2008F93C1 /* Controller */,
				4E74D6E61ED4019D008F93C1 /* View */,
				4E74D6E51ED40197008F93C1 /* Model */,
				4E838C1C1ED3FDEC00910243 /* AppDelegate.swift */,
				4E838C201ED3FDED00910243 /* Main.storyboard */,
				4E838C231ED3FDED00910243 /* Assets.xcassets */,
				4E838C251ED3FDED00910243 /* LaunchScreen.storyboard */,
				4E838C281ED3FDED00910243 /* Info.plist */,
				4E838C2E1ED3FECF00910243 /* GoogleService-Info.plist */,
			);
			path = Social;
			sourceTree = "<group>";
		};
		6EFB806027BC3B86C8106BC3 /* Pods */ = {
			isa = PBXGroup;
			children = (
				5A031040B6975B06B94BC8A3 /* Pods-Social.debug.xcconfig */,
				2B2332C4DF592814009BE433 /* Pods-Social.release.xcconfig */,
			);
			name = Pods;
			sourceTree = "<group>";
		};
		B96BB83D6A669B3AC64655A6 /* Frameworks */ = {
			isa = PBXGroup;
			children = (
				AD6CF250AF77C88431FC74A8 /* Pods_Social.framework */,
			);
			name = Frameworks;
			sourceTree = "<group>";
		};
/* End PBXGroup section */

/* Begin PBXNativeTarget section */
		4E838C181ED3FDEC00910243 /* Social */ = {
			isa = PBXNativeTarget;
			buildConfigurationList = 4E838C2B1ED3FDED00910243 /* Build configuration list for PBXNativeTarget "Social" */;
			buildPhases = (
				FCEF335675D884AA4135E977 /* [CP] Check Pods Manifest.lock */,
				4E838C151ED3FDEC00910243 /* Sources */,
				4E838C161ED3FDEC00910243 /* Frameworks */,
				4E838C171ED3FDEC00910243 /* Resources */,
				99925F81873DDC73F5EE328E /* [CP] Embed Pods Frameworks */,
				E55B10F2BEB1B3073B0C3E50 /* [CP] Copy Pods Resources */,
			);
			buildRules = (
			);
			dependencies = (
			);
			name = Social;
			productName = Social;
			productReference = 4E838C191ED3FDEC00910243 /* Social.app */;
			productType = "com.apple.product-type.application";
		};
/* End PBXNativeTarget section */

/* Begin PBXProject section */
		4E838C111ED3FDEB00910243 /* Project object */ = {
			isa = PBXProject;
			attributes = {
				LastSwiftUpdateCheck = 0830;
				LastUpgradeCheck = 0830;
				ORGANIZATIONNAME = siamak;
				TargetAttributes = {
					4E838C181ED3FDEC00910243 = {
						CreatedOnToolsVersion = 8.3.2;
						ProvisioningStyle = Automatic;
					};
				};
			};
			buildConfigurationList = 4E838C141ED3FDEB00910243 /* Build configuration list for PBXProject "Social" */;
			compatibilityVersion = "Xcode 3.2";
			developmentRegion = English;
			hasScannedForEncodings = 0;
			knownRegions = (
				en,
				Base,
			);
			mainGroup = 4E838C101ED3FDEB00910243;
			productRefGroup = 4E838C1A1ED3FDEC00910243 /* Products */;
			projectDirPath = "";
			projectRoot = "";
			targets = (
				4E838C181ED3FDEC00910243 /* Social */,
			);
		};
/* End PBXProject section */

/* Begin PBXResourcesBuildPhase section */
		4E838C171ED3FDEC00910243 /* Resources */ = {
			isa = PBXResourcesBuildPhase;
			buildActionMask = 2147483647;
			files = (
				4E838C271ED3FDED00910243 /* LaunchScreen.storyboard in Resources */,
				4E838C2F1ED3FED000910243 /* GoogleService-Info.plist in Resources */,
				4E838C241ED3FDED00910243 /* Assets.xcassets in Resources */,
				4E838C221ED3FDED00910243 /* Main.storyboard in Resources */,
			);
			runOnlyForDeploymentPostprocessing = 0;
		};
/* End PBXResourcesBuildPhase section */

/* Begin PBXShellScriptBuildPhase section */
		99925F81873DDC73F5EE328E /* [CP] Embed Pods Frameworks */ = {
			isa = PBXShellScriptBuildPhase;
			buildActionMask = 2147483647;
			files = (
			);
			inputPaths = (
			);
			name = "[CP] Embed Pods Frameworks";
			outputPaths = (
			);
			runOnlyForDeploymentPostprocessing = 0;
			shellPath = /bin/sh;
			shellScript = "\"${SRCROOT}/Pods/Target Support Files/Pods-Social/Pods-Social-frameworks.sh\"\n";
			showEnvVarsInLog = 0;
		};
		E55B10F2BEB1B3073B0C3E50 /* [CP] Copy Pods Resources */ = {
			isa = PBXShellScriptBuildPhase;
			buildActionMask = 2147483647;
			files = (
			);
			inputPaths = (
			);
			name = "[CP] Copy Pods Resources";
			outputPaths = (
			);
			runOnlyForDeploymentPostprocessing = 0;
			shellPath = /bin/sh;
			shellScript = "\"${SRCROOT}/Pods/Target Support Files/Pods-Social/Pods-Social-resources.sh\"\n";
			showEnvVarsInLog = 0;
		};
		FCEF335675D884AA4135E977 /* [CP] Check Pods Manifest.lock */ = {
			isa = PBXShellScriptBuildPhase;
			buildActionMask = 2147483647;
			files = (
			);
			inputPaths = (
			);
			name = "[CP] Check Pods Manifest.lock";
			outputPaths = (
			);
			runOnlyForDeploymentPostprocessing = 0;
			shellPath = /bin/sh;
			shellScript = "diff \"${PODS_PODFILE_DIR_PATH}/Podfile.lock\" \"${PODS_ROOT}/Manifest.lock\" > /dev/null\nif [ $? != 0 ] ; then\n    # print error to STDERR\n    echo \"error: The sandbox is not in sync with the Podfile.lock. Run 'pod install' or update your CocoaPods installation.\" >&2\n    exit 1\nfi\n";
			showEnvVarsInLog = 0;
		};
/* End PBXShellScriptBuildPhase section */

/* Begin PBXSourcesBuildPhase section */
		4E838C151ED3FDEC00910243 /* Sources */ = {
			isa = PBXSourcesBuildPhase;
			buildActionMask = 2147483647;
			files = (
				4E838C1F1ED3FDEC00910243 /* SignInVC.swift in Sources */,
				4E838C1D1ED3FDEC00910243 /* AppDelegate.swift in Sources */,
			);
			runOnlyForDeploymentPostprocessing = 0;
		};
/* End PBXSourcesBuildPhase section */

/* Begin PBXVariantGroup section */
		4E838C201ED3FDED00910243 /* Main.storyboard */ = {
			isa = PBXVariantGroup;
			children = (
				4E838C211ED3FDED00910243 /* Base */,
			);
			name = Main.storyboard;
			sourceTree = "<group>";
		};
		4E838C251ED3FDED00910243 /* LaunchScreen.storyboard */ = {
			isa = PBXVariantGroup;
			children = (
				4E838C261ED3FDED00910243 /* Base */,
			);
			name = LaunchScreen.storyboard;
			sourceTree = "<group>";
		};
/* End PBXVariantGroup section */

/* Begin XCBuildConfiguration section */
		4E838C291ED3FDED00910243 /* Debug */ = {
			isa = XCBuildConfiguration;
			buildSettings = {
				ALWAYS_SEARCH_USER_PATHS = NO;
				CLANG_ANALYZER_NONNULL = YES;
				CLANG_ANALYZER_NUMBER_OBJECT_CONVERSION = YES_AGGRESSIVE;
				CLANG_CXX_LANGUAGE_STANDARD = "gnu++0x";
				CLANG_CXX_LIBRARY = "libc++";
				CLANG_ENABLE_MODULES = YES;
				CLANG_ENABLE_OBJC_ARC = YES;
				CLANG_WARN_BOOL_CONVERSION = YES;
				CLANG_WARN_CONSTANT_CONVERSION = YES;
				CLANG_WARN_DIRECT_OBJC_ISA_USAGE = YES_ERROR;
				CLANG_WARN_DOCUMENTATION_COMMENTS = YES;
				CLANG_WARN_EMPTY_BODY = YES;
				CLANG_WARN_ENUM_CONVERSION = YES;
				CLANG_WARN_INFINITE_RECURSION = YES;
				CLANG_WARN_INT_CONVERSION = YES;
				CLANG_WARN_OBJC_ROOT_CLASS = YES_ERROR;
				CLANG_WARN_SUSPICIOUS_MOVE = YES;
				CLANG_WARN_UNREACHABLE_CODE = YES;
				CLANG_WARN__DUPLICATE_METHOD_MATCH = YES;
				"CODE_SIGN_IDENTITY[sdk=iphoneos*]" = "iPhone Developer";
				COPY_PHASE_STRIP = NO;
				DEBUG_INFORMATION_FORMAT = dwarf;
				ENABLE_STRICT_OBJC_MSGSEND = YES;
				ENABLE_TESTABILITY = YES;
				GCC_C_LANGUAGE_STANDARD = gnu99;
				GCC_DYNAMIC_NO_PIC = NO;
				GCC_NO_COMMON_BLOCKS = YES;
				GCC_OPTIMIZATION_LEVEL = 0;
				GCC_PREPROCESSOR_DEFINITIONS = (
					"DEBUG=1",
					"$(inherited)",
				);
				GCC_WARN_64_TO_32_BIT_CONVERSION = YES;
				GCC_WARN_ABOUT_RETURN_TYPE = YES_ERROR;
				GCC_WARN_UNDECLARED_SELECTOR = YES;
				GCC_WARN_UNINITIALIZED_AUTOS = YES_AGGRESSIVE;
				GCC_WARN_UNUSED_FUNCTION = YES;
				GCC_WARN_UNUSED_VARIABLE = YES;
				IPHONEOS_DEPLOYMENT_TARGET = 10.3;
				MTL_ENABLE_DEBUG_INFO = YES;
				ONLY_ACTIVE_ARCH = YES;
				SDKROOT = iphoneos;
				SWIFT_ACTIVE_COMPILATION_CONDITIONS = DEBUG;
				SWIFT_OPTIMIZATION_LEVEL = "-Onone";
			};
			name = Debug;
		};
		4E838C2A1ED3FDED00910243 /* Release */ = {
			isa = XCBuildConfiguration;
			buildSettings = {
				ALWAYS_SEARCH_USER_PATHS = NO;
				CLANG_ANALYZER_NONNULL = YES;
				CLANG_ANALYZER_NUMBER_OBJECT_CONVERSION = YES_AGGRESSIVE;
				CLANG_CXX_LANGUAGE_STANDARD = "gnu++0x";
				CLANG_CXX_LIBRARY = "libc++";
				CLANG_ENABLE_MODULES = YES;
				CLANG_ENABLE_OBJC_ARC = YES;
				CLANG_WARN_BOOL_CONVERSION = YES;
				CLANG_WARN_CONSTANT_CONVERSION = YES;
				CLANG_WARN_DIRECT_OBJC_ISA_USAGE = YES_ERROR;
				CLANG_WARN_DOCUMENTATION_COMMENTS = YES;
				CLANG_WARN_EMPTY_BODY = YES;
				CLANG_WARN_ENUM_CONVERSION = YES;
				CLANG_WARN_INFINITE_RECURSION = YES;
				CLANG_WARN_INT_CONVERSION = YES;
				CLANG_WARN_OBJC_ROOT_CLASS = YES_ERROR;
				CLANG_WARN_SUSPICIOUS_MOVE = YES;
				CLANG_WARN_UNREACHABLE_CODE = YES;
				CLANG_WARN__DUPLICATE_METHOD_MATCH = YES;
				"CODE_SIGN_IDENTITY[sdk=iphoneos*]" = "iPhone Developer";
				COPY_PHASE_STRIP = NO;
				DEBUG_INFORMATION_FORMAT = "dwarf-with-dsym";
				ENABLE_NS_ASSERTIONS = NO;
				ENABLE_STRICT_OBJC_MSGSEND = YES;
				GCC_C_LANGUAGE_STANDARD = gnu99;
				GCC_NO_COMMON_BLOCKS = YES;
				GCC_WARN_64_TO_32_BIT_CONVERSION = YES;
				GCC_WARN_ABOUT_RETURN_TYPE = YES_ERROR;
				GCC_WARN_UNDECLARED_SELECTOR = YES;
				GCC_WARN_UNINITIALIZED_AUTOS = YES_AGGRESSIVE;
				GCC_WARN_UNUSED_FUNCTION = YES;
				GCC_WARN_UNUSED_VARIABLE = YES;
				IPHONEOS_DEPLOYMENT_TARGET = 10.3;
				MTL_ENABLE_DEBUG_INFO = NO;
				SDKROOT = iphoneos;
				SWIFT_OPTIMIZATION_LEVEL = "-Owholemodule";
				VALIDATE_PRODUCT = YES;
			};
			name = Release;
		};
		4E838C2C1ED3FDED00910243 /* Debug */ = {
			isa = XCBuildConfiguration;
			baseConfigurationReference = 5A031040B6975B06B94BC8A3 /* Pods-Social.debug.xcconfig */;
			buildSettings = {
				ASSETCATALOG_COMPILER_APPICON_NAME = AppIcon;
				INFOPLIST_FILE = Social/Info.plist;
				LD_RUNPATH_SEARCH_PATHS = "$(inherited) @executable_path/Frameworks";
				PRODUCT_BUNDLE_IDENTIFIER = cyamac.Social;
				PRODUCT_NAME = "$(TARGET_NAME)";
				SWIFT_VERSION = 3.0;
			};
			name = Debug;
		};
		4E838C2D1ED3FDED00910243 /* Release */ = {
			isa = XCBuildConfiguration;
			baseConfigurationReference = 2B2332C4DF592814009BE433 /* Pods-Social.release.xcconfig */;
			buildSettings = {
				ASSETCATALOG_COMPILER_APPICON_NAME = AppIcon;
				INFOPLIST_FILE = Social/Info.plist;
				LD_RUNPATH_SEARCH_PATHS = "$(inherited) @executable_path/Frameworks";
				PRODUCT_BUNDLE_IDENTIFIER = cyamac.Social;
				PRODUCT_NAME = "$(TARGET_NAME)";
				SWIFT_VERSION = 3.0;
			};
			name = Release;
		};
/* End XCBuildConfiguration section */

/* Begin XCConfigurationList section */
		4E838C141ED3FDEB00910243 /* Build configuration list for PBXProject "Social" */ = {
			isa = XCConfigurationList;
			buildConfigurations = (
				4E838C291ED3FDED00910243 /* Debug */,
				4E838C2A1ED3FDED00910243 /* Release */,
			);
			defaultConfigurationIsVisible = 0;
			defaultConfigurationName = Release;
		};
		4E838C2B1ED3FDED00910243 /* Build configuration list for PBXNativeTarget "Social" */ = {
			isa = XCConfigurationList;
			buildConfigurations = (
				4E838C2C1ED3FDED00910243 /* Debug */,
				4E838C2D1ED3FDED00910243 /* Release */,
			);
			defaultConfigurationIsVisible = 0;
			defaultConfigurationName = Release;
		};
/* End XCConfigurationList section */
	};
	rootObject = 4E838C111ED3FDEB00910243 /* Project object */;
}
